{
  "version": 4,
  "terraform_version": "1.8.0",
  "serial": 127,
  "lineage": "108aa669-2ba3-d4c0-c920-5d76d0eeebc6",
  "outputs": {
    "dev_proj_1_vpc_id": {
      "value": "vpc-00c1011b088ce6949",
      "type": "string"
    },
    "public_ip": {
      "value": "http://3.234.249.175",
      "type": "string"
    }
  },
  "resources": [
    {
      "module": "module.alb",
      "mode": "managed",
      "type": "aws_lb",
      "name": "dev_proj_1_lb",
      "provider": "provider[\"registry.terraform.io/hashicorp/aws\"]",
      "instances": [
        {
          "schema_version": 0,
          "attributes": {
            "access_logs": [
              {
                "bucket": "",
                "enabled": false,
                "prefix": ""
              }
            ],
            "arn": "arn:aws:elasticloadbalancing:us-east-1:481665127750:loadbalancer/app/dev-proj-1-alb/9cff9056e4dfe3f4",
            "arn_suffix": "app/dev-proj-1-alb/9cff9056e4dfe3f4",
            "client_keep_alive": 3600,
            "connection_logs": [
              {
                "bucket": "",
                "enabled": false,
                "prefix": ""
              }
            ],
            "customer_owned_ipv4_pool": "",
            "desync_mitigation_mode": "defensive",
            "dns_name": "dev-proj-1-alb-590893714.us-east-1.elb.amazonaws.com",
            "dns_record_client_routing_policy": null,
            "drop_invalid_header_fields": false,
            "enable_cross_zone_load_balancing": true,
            "enable_deletion_protection": false,
            "enable_http2": true,
            "enable_tls_version_and_cipher_suite_headers": false,
            "enable_waf_fail_open": false,
            "enable_xff_client_port": false,
            "enable_zonal_shift": false,
            "enforce_security_group_inbound_rules_on_private_link_traffic": "",
            "id": "arn:aws:elasticloadbalancing:us-east-1:481665127750:loadbalancer/app/dev-proj-1-alb/9cff9056e4dfe3f4",
            "idle_timeout": 60,
            "internal": false,
            "ip_address_type": "ipv4",
            "load_balancer_type": "application",
            "name": "dev-proj-1-alb",
            "name_prefix": "",
            "preserve_host_header": false,
            "security_groups": [
              "sg-09805f7d0ff605b78"
            ],
            "subnet_mapping": [
              {
                "allocation_id": "",
                "ipv6_address": "",
                "outpost_id": "",
                "private_ipv4_address": "",
                "subnet_id": "subnet-042668334491b01c2"
              },
              {
                "allocation_id": "",
                "ipv6_address": "",
                "outpost_id": "",
                "private_ipv4_address": "",
                "subnet_id": "subnet-0f8a5c807eb27e2fa"
              }
            ],
            "subnets": [
              "subnet-042668334491b01c2",
              "subnet-0f8a5c807eb27e2fa"
            ],
            "tags": {
              "Name": "example-lb"
            },
            "tags_all": {
              "Name": "example-lb"
            },
            "timeouts": null,
            "vpc_id": "vpc-00c1011b088ce6949",
            "xff_header_processing_mode": "append",
            "zone_id": "Z35SXDOTRQ7X7K"
          },
          "sensitive_attributes": [],
          "private": "eyJlMmJmYjczMC1lY2FhLTExZTYtOGY4OC0zNDM2M2JjN2M0YzAiOnsiY3JlYXRlIjo2MDAwMDAwMDAwMDAsImRlbGV0ZSI6NjAwMDAwMDAwMDAwLCJ1cGRhdGUiOjYwMDAwMDAwMDAwMH19",
          "dependencies": [
            "module.networking.aws_subnet.dev_proj_1_public_subnets",
            "module.networking.aws_vpc.dev_proj_1_vpc_us_east_1",
            "module.security_group.aws_security_group.ec2_sg_ssh_http"
          ]
        }
      ]
    },
    {
      "module": "module.alb",
      "mode": "managed",
      "type": "aws_lb_listener",
      "name": "dev_proj_1_lb_listner",
      "provider": "provider[\"registry.terraform.io/hashicorp/aws\"]",
      "instances": [
        {
          "schema_version": 0,
          "attributes": {
            "alpn_policy": null,
            "arn": "arn:aws:elasticloadbalancing:us-east-1:481665127750:listener/app/dev-proj-1-alb/9cff9056e4dfe3f4/bc0a8bece813ca05",
            "certificate_arn": null,
            "default_action": [
              {
                "authenticate_cognito": [],
                "authenticate_oidc": [],
                "fixed_response": [],
                "forward": [],
                "order": 1,
                "redirect": [],
                "target_group_arn": "arn:aws:elasticloadbalancing:us-east-1:481665127750:targetgroup/jenkins-lb-target-group/61ad6dce1730b4ec",
                "type": "forward"
              }
            ],
            "id": "arn:aws:elasticloadbalancing:us-east-1:481665127750:listener/app/dev-proj-1-alb/9cff9056e4dfe3f4/bc0a8bece813ca05",
            "load_balancer_arn": "arn:aws:elasticloadbalancing:us-east-1:481665127750:loadbalancer/app/dev-proj-1-alb/9cff9056e4dfe3f4",
            "mutual_authentication": [],
            "port": 80,
            "protocol": "HTTP",
            "ssl_policy": "",
            "tags": {},
            "tags_all": {},
            "tcp_idle_timeout_seconds": null,
            "timeouts": null
          },
          "sensitive_attributes": [],
          "private": "eyJlMmJmYjczMC1lY2FhLTExZTYtOGY4OC0zNDM2M2JjN2M0YzAiOnsiY3JlYXRlIjozMDAwMDAwMDAwMDAsInVwZGF0ZSI6MzAwMDAwMDAwMDAwfX0=",
          "dependencies": [
            "module.alb.aws_lb.dev_proj_1_lb",
            "module.lb_target_group.aws_lb_target_group.dev_proj_1_lb_target_group",
            "module.networking.aws_subnet.dev_proj_1_public_subnets",
            "module.networking.aws_vpc.dev_proj_1_vpc_us_east_1",
            "module.security_group.aws_security_group.ec2_sg_ssh_http"
          ]
        }
      ]
    },
    {
      "module": "module.alb",
      "mode": "managed",
      "type": "aws_lb_target_group_attachment",
      "name": "dev_proj_1_lb_target_group_attachment",
      "provider": "provider[\"registry.terraform.io/hashicorp/aws\"]",
      "instances": [
        {
          "schema_version": 0,
          "attributes": {
            "availability_zone": null,
            "id": "arn:aws:elasticloadbalancing:us-east-1:481665127750:targetgroup/jenkins-lb-target-group/61ad6dce1730b4ec-20241214191158699800000007",
            "port": 8080,
            "target_group_arn": "arn:aws:elasticloadbalancing:us-east-1:481665127750:targetgroup/jenkins-lb-target-group/61ad6dce1730b4ec",
            "target_id": "i-03899bf132bdf9635"
          },
          "sensitive_attributes": [],
          "private": "bnVsbA==",
          "dependencies": [
            "module.jenkins.aws_instance.jenkins_ec2_instance_ip",
            "module.lb_target_group.aws_lb_target_group.dev_proj_1_lb_target_group",
            "module.networking.aws_subnet.dev_proj_1_public_subnets",
            "module.networking.aws_vpc.dev_proj_1_vpc_us_east_1",
            "module.security_group.aws_security_group.ec2_jenkins_port_8080",
            "module.security_group.aws_security_group.ec2_sg_ssh_http"
          ]
        }
      ]
    },
    {
      "module": "module.aws_ceritification_manager",
      "mode": "managed",
      "type": "aws_acm_certificate",
      "name": "dev_proj_1_acm_arn",
      "provider": "provider[\"registry.terraform.io/hashicorp/aws\"]",
      "instances": [
        {
          "schema_version": 0,
          "attributes": {
            "arn": "arn:aws:acm:us-east-1:481665127750:certificate/cd718c3f-ee54-4426-8e75-f9a0ca9daf52",
            "certificate_authority_arn": "",
            "certificate_body": null,
            "certificate_chain": null,
            "domain_name": "jenkins.princeokumo.com",
            "domain_validation_options": [
              {
                "domain_name": "jenkins.princeokumo.com",
                "resource_record_name": "_78df3c336f8e1abecc16969a7a2fb4f0.jenkins.princeokumo.com.",
                "resource_record_type": "CNAME",
                "resource_record_value": "_ba8ac459ec03d79e79b54348c021b48d.zfyfvmchrl.acm-validations.aws."
              }
            ],
            "early_renewal_duration": "",
            "id": "arn:aws:acm:us-east-1:481665127750:certificate/cd718c3f-ee54-4426-8e75-f9a0ca9daf52",
            "key_algorithm": "RSA_2048",
            "not_after": "",
            "not_before": "",
            "options": [
              {
                "certificate_transparency_logging_preference": "ENABLED"
              }
            ],
            "pending_renewal": false,
            "private_key": null,
            "renewal_eligibility": "INELIGIBLE",
            "renewal_summary": [],
            "status": "PENDING_VALIDATION",
            "subject_alternative_names": [
              "jenkins.princeokumo.com"
            ],
            "tags": {
              "Environment": "production"
            },
            "tags_all": {
              "Environment": "production"
            },
            "type": "AMAZON_ISSUED",
            "validation_emails": [],
            "validation_method": "DNS",
            "validation_option": []
          },
          "sensitive_attributes": [
            [
              {
                "type": "get_attr",
                "value": "private_key"
              }
            ]
          ],
          "private": "bnVsbA=="
        }
      ]
    },
    {
      "module": "module.aws_ceritification_manager",
      "mode": "managed",
      "type": "aws_route53_record",
      "name": "validation",
      "provider": "provider[\"registry.terraform.io/hashicorp/aws\"]",
      "instances": [
        {
          "index_key": "jenkins.princeokumo.com",
          "schema_version": 2,
          "attributes": {
            "alias": [],
            "allow_overwrite": null,
            "cidr_routing_policy": [],
            "failover_routing_policy": [],
            "fqdn": "_78df3c336f8e1abecc16969a7a2fb4f0.jenkins.princeokumo.com",
            "geolocation_routing_policy": [],
            "geoproximity_routing_policy": [],
            "health_check_id": "",
            "id": "Z04404193P1Y0URAPSDG9__78df3c336f8e1abecc16969a7a2fb4f0.jenkins.princeokumo.com._CNAME",
            "latency_routing_policy": [],
            "multivalue_answer_routing_policy": false,
            "name": "_78df3c336f8e1abecc16969a7a2fb4f0.jenkins.princeokumo.com",
            "records": [
              "_ba8ac459ec03d79e79b54348c021b48d.zfyfvmchrl.acm-validations.aws."
            ],
            "set_identifier": "",
            "ttl": 60,
            "type": "CNAME",
            "weighted_routing_policy": [],
            "zone_id": "Z04404193P1Y0URAPSDG9"
          },
          "sensitive_attributes": [],
          "private": "eyJzY2hlbWFfdmVyc2lvbiI6IjIifQ==",
          "dependencies": [
            "module.aws_ceritification_manager.aws_acm_certificate.dev_proj_1_acm_arn",
            "module.hosted_zone.data.aws_route53_zone.dev_proj_1_princeokumo_com"
          ]
        }
      ]
    },
    {
      "module": "module.hosted_zone",
      "mode": "data",
      "type": "aws_route53_zone",
      "name": "dev_proj_1_princeokumo_com",
      "provider": "provider[\"registry.terraform.io/hashicorp/aws\"]",
      "instances": [
        {
          "schema_version": 0,
          "attributes": {
            "arn": "arn:aws:route53:::hostedzone/Z04404193P1Y0URAPSDG9",
            "caller_reference": "RISWorkflow-RD:5af84779-90be-4ab4-abd9-08cb231d1958",
            "comment": "HostedZone created by Route53 Registrar",
            "id": "Z04404193P1Y0URAPSDG9",
            "linked_service_description": null,
            "linked_service_principal": null,
            "name": "princeokumo.com",
            "name_servers": [
              "ns-1325.awsdns-37.org",
              "ns-1987.awsdns-56.co.uk",
              "ns-820.awsdns-38.net",
              "ns-395.awsdns-49.com"
            ],
            "primary_name_server": "ns-1325.awsdns-37.org",
            "private_zone": false,
            "resource_record_set_count": 2,
            "tags": {},
            "vpc_id": null,
            "zone_id": "Z04404193P1Y0URAPSDG9"
          },
          "sensitive_attributes": []
        }
      ]
    },
    {
      "module": "module.hosted_zone",
      "mode": "managed",
      "type": "aws_route53_record",
      "name": "lb_record",
      "provider": "provider[\"registry.terraform.io/hashicorp/aws\"]",
      "instances": [
        {
          "schema_version": 2,
          "attributes": {
            "alias": [
              {
                "evaluate_target_health": true,
                "name": "dev-proj-1-alb-590893714.us-east-1.elb.amazonaws.com",
                "zone_id": "Z35SXDOTRQ7X7K"
              }
            ],
            "allow_overwrite": null,
            "cidr_routing_policy": [],
            "failover_routing_policy": [],
            "fqdn": "jenkins.princeokumo.com",
            "geolocation_routing_policy": [],
            "geoproximity_routing_policy": [],
            "health_check_id": "",
            "id": "Z04404193P1Y0URAPSDG9_jenkins.princeokumo.com_A",
            "latency_routing_policy": [],
            "multivalue_answer_routing_policy": false,
            "name": "jenkins.princeokumo.com",
            "records": null,
            "set_identifier": "",
            "ttl": 0,
            "type": "A",
            "weighted_routing_policy": [],
            "zone_id": "Z04404193P1Y0URAPSDG9"
          },
          "sensitive_attributes": [],
          "private": "eyJzY2hlbWFfdmVyc2lvbiI6IjIifQ==",
          "dependencies": [
            "module.alb.aws_lb.dev_proj_1_lb",
            "module.hosted_zone.data.aws_route53_zone.dev_proj_1_princeokumo_com",
            "module.networking.aws_subnet.dev_proj_1_public_subnets",
            "module.networking.aws_vpc.dev_proj_1_vpc_us_east_1",
            "module.security_group.aws_security_group.ec2_sg_ssh_http"
          ]
        }
      ]
    },
    {
      "module": "module.jenkins",
      "mode": "managed",
      "type": "aws_instance",
      "name": "jenkins_ec2_instance_ip",
      "provider": "provider[\"registry.terraform.io/hashicorp/aws\"]",
      "instances": [
        {
          "schema_version": 1,
          "attributes": {
            "ami": "ami-0e2c8caa4b6378d8c",
            "arn": "arn:aws:ec2:us-east-1:481665127750:instance/i-03899bf132bdf9635",
            "associate_public_ip_address": true,
            "availability_zone": "us-east-1a",
            "capacity_reservation_specification": [
              {
                "capacity_reservation_preference": "open",
                "capacity_reservation_target": []
              }
            ],
            "cpu_core_count": 2,
            "cpu_options": [
              {
                "amd_sev_snp": "",
                "core_count": 2,
                "threads_per_core": 1
              }
            ],
            "cpu_threads_per_core": 1,
            "credit_specification": [
              {
                "cpu_credits": "standard"
              }
            ],
            "disable_api_stop": false,
            "disable_api_termination": false,
            "ebs_block_device": [],
            "ebs_optimized": false,
            "enable_primary_ipv6": null,
            "enclave_options": [
              {
                "enabled": false
              }
            ],
            "ephemeral_block_device": [],
            "get_password_data": false,
            "hibernation": false,
            "host_id": "",
            "host_resource_group_arn": null,
            "iam_instance_profile": "",
            "id": "i-03899bf132bdf9635",
            "instance_initiated_shutdown_behavior": "stop",
            "instance_lifecycle": "",
            "instance_market_options": [],
            "instance_state": "running",
            "instance_type": "t2.medium",
            "ipv6_address_count": 0,
            "ipv6_addresses": [],
            "key_name": "aws_ec2_terraform",
            "launch_template": [],
            "maintenance_options": [
              {
                "auto_recovery": "default"
              }
            ],
            "metadata_options": [
              {
                "http_endpoint": "enabled",
                "http_protocol_ipv6": "disabled",
                "http_put_response_hop_limit": 2,
                "http_tokens": "required",
                "instance_metadata_tags": "disabled"
              }
            ],
            "monitoring": false,
            "network_interface": [],
            "outpost_arn": "",
            "password_data": "",
            "placement_group": "",
            "placement_partition_number": 0,
            "primary_network_interface_id": "eni-0072c6a7263b5275c",
            "private_dns": "ip-11-0-1-58.ec2.internal",
            "private_dns_name_options": [
              {
                "enable_resource_name_dns_a_record": false,
                "enable_resource_name_dns_aaaa_record": false,
                "hostname_type": "ip-name"
              }
            ],
            "private_ip": "11.0.1.58",
            "public_dns": "",
            "public_ip": "3.234.249.175",
            "root_block_device": [
              {
                "delete_on_termination": true,
                "device_name": "/dev/sda1",
                "encrypted": false,
                "iops": 3000,
                "kms_key_id": "",
                "tags": {},
                "tags_all": {},
                "throughput": 125,
                "volume_id": "vol-0fb1b84be6e596be3",
                "volume_size": 8,
                "volume_type": "gp3"
              }
            ],
            "secondary_private_ips": [],
            "security_groups": [],
            "source_dest_check": true,
            "spot_instance_request_id": "",
            "subnet_id": "subnet-042668334491b01c2",
            "tags": {
              "Name": "Jenkins:Ubuntu Linux EC2"
            },
            "tags_all": {
              "Name": "Jenkins:Ubuntu Linux EC2"
            },
            "tenancy": "default",
            "timeouts": null,
            "user_data": "c65a7d17022b787d7e88eb1fd00db9ca30e25dcd",
            "user_data_base64": null,
            "user_data_replace_on_change": false,
            "volume_tags": null,
            "vpc_security_group_ids": [
              "sg-0047011077a8f411f",
              "sg-09805f7d0ff605b78"
            ]
          },
          "sensitive_attributes": [],
          "private": "eyJlMmJmYjczMC1lY2FhLTExZTYtOGY4OC0zNDM2M2JjN2M0YzAiOnsiY3JlYXRlIjo2MDAwMDAwMDAwMDAsImRlbGV0ZSI6MTIwMDAwMDAwMDAwMCwicmVhZCI6OTAwMDAwMDAwMDAwLCJ1cGRhdGUiOjYwMDAwMDAwMDAwMH0sInNjaGVtYV92ZXJzaW9uIjoiMSJ9",
          "dependencies": [
            "module.networking.aws_subnet.dev_proj_1_public_subnets",
            "module.networking.aws_vpc.dev_proj_1_vpc_us_east_1",
            "module.security_group.aws_security_group.ec2_jenkins_port_8080",
            "module.security_group.aws_security_group.ec2_sg_ssh_http"
          ]
        }
      ]
    },
    {
      "module": "module.jenkins",
      "mode": "managed",
      "type": "aws_key_pair",
      "name": "jenkins_ec2_instance_public_key",
      "provider": "provider[\"registry.terraform.io/hashicorp/aws\"]",
      "instances": [
        {
          "schema_version": 1,
          "attributes": {
            "arn": "arn:aws:ec2:us-east-1:481665127750:key-pair/aws_ec2_terraform",
            "fingerprint": "31:41:66:50:81:2b:df:68:18:23:53:46:53:03:e0:c1",
            "id": "aws_ec2_terraform",
            "key_name": "aws_ec2_terraform",
            "key_name_prefix": "",
            "key_pair_id": "key-087c71494fd0289f6",
            "key_type": "rsa",
            "public_key": "ssh-rsa AAAAB3NzaC1yc2EAAAADAQABAAABAQDb5+ZbTZC6Z5Ysp6U5g2y5jz2GK3jWHOAaCvYIi+FgE6mO5w2v828qBUTF3e6RcCKolD4NdgK2UQdH2bqNu0AJ3PvSM9jzbIJPZjdk5wNTrjlg5EADfm7Oc+ucnvJy1/oLMgpFpJaN5oozgLNnTmlD0zceXAigFuqWyPuEp2inprCe3EAZvsoJ9trjm9UruiKN+YKDNrCCBYSmCh71QwlaW0hIGad7v9t91e+lM1GYlol723vIqkv6Hemf6T4B8apGzAk4sVPA41hLnSEI4jfiTKaJ0nTkL3r55Xen+udiyTx/awqZYYsnUIDoSjbK2SxjIf/D5cBIVZ/5W4LzXRhf admin@DESKTOP-7847I2M",
            "tags": {},
            "tags_all": {}
          },
          "sensitive_attributes": [],
          "private": "eyJzY2hlbWFfdmVyc2lvbiI6IjEifQ=="
        }
      ]
    },
    {
      "module": "module.lb_target_group",
      "mode": "managed",
      "type": "aws_lb_target_group",
      "name": "dev_proj_1_lb_target_group",
      "provider": "provider[\"registry.terraform.io/hashicorp/aws\"]",
      "instances": [
        {
          "schema_version": 0,
          "attributes": {
            "arn": "arn:aws:elasticloadbalancing:us-east-1:481665127750:targetgroup/jenkins-lb-target-group/61ad6dce1730b4ec",
            "arn_suffix": "targetgroup/jenkins-lb-target-group/61ad6dce1730b4ec",
            "connection_termination": null,
            "deregistration_delay": "300",
            "health_check": [
              {
                "enabled": true,
                "healthy_threshold": 6,
                "interval": 5,
                "matcher": "200",
                "path": "/login",
                "port": "8080",
                "protocol": "HTTP",
                "timeout": 2,
                "unhealthy_threshold": 2
              }
            ],
            "id": "arn:aws:elasticloadbalancing:us-east-1:481665127750:targetgroup/jenkins-lb-target-group/61ad6dce1730b4ec",
            "ip_address_type": "ipv4",
            "lambda_multi_value_headers_enabled": false,
            "load_balancer_arns": [
              "arn:aws:elasticloadbalancing:us-east-1:481665127750:loadbalancer/app/dev-proj-1-alb/9cff9056e4dfe3f4"
            ],
            "load_balancing_algorithm_type": "round_robin",
            "load_balancing_anomaly_mitigation": "off",
            "load_balancing_cross_zone_enabled": "use_load_balancer_configuration",
            "name": "jenkins-lb-target-group",
            "name_prefix": "",
            "port": 8080,
            "preserve_client_ip": null,
            "protocol": "HTTP",
            "protocol_version": "HTTP1",
            "proxy_protocol_v2": false,
            "slow_start": 0,
            "stickiness": [
              {
                "cookie_duration": 86400,
                "cookie_name": "",
                "enabled": false,
                "type": "lb_cookie"
              }
            ],
            "tags": {},
            "tags_all": {},
            "target_failover": [
              {
                "on_deregistration": null,
                "on_unhealthy": null
              }
            ],
            "target_group_health": [
              {
                "dns_failover": [
                  {
                    "minimum_healthy_targets_count": "1",
                    "minimum_healthy_targets_percentage": "off"
                  }
                ],
                "unhealthy_state_routing": [
                  {
                    "minimum_healthy_targets_count": 1,
                    "minimum_healthy_targets_percentage": "off"
                  }
                ]
              }
            ],
            "target_health_state": [
              {
                "enable_unhealthy_connection_termination": null,
                "unhealthy_draining_interval": null
              }
            ],
            "target_type": "instance",
            "vpc_id": "vpc-00c1011b088ce6949"
          },
          "sensitive_attributes": [],
          "private": "bnVsbA==",
          "dependencies": [
            "module.networking.aws_vpc.dev_proj_1_vpc_us_east_1"
          ]
        }
      ]
    },
    {
      "module": "module.lb_target_group",
      "mode": "managed",
      "type": "aws_lb_target_group_attachment",
      "name": "dev_proj_1_lb_target_group_attachment",
      "provider": "provider[\"registry.terraform.io/hashicorp/aws\"]",
      "instances": [
        {
          "schema_version": 0,
          "attributes": {
            "availability_zone": null,
            "id": "arn:aws:elasticloadbalancing:us-east-1:481665127750:targetgroup/jenkins-lb-target-group/61ad6dce1730b4ec-20241214191158454100000006",
            "port": 8080,
            "target_group_arn": "arn:aws:elasticloadbalancing:us-east-1:481665127750:targetgroup/jenkins-lb-target-group/61ad6dce1730b4ec",
            "target_id": "i-03899bf132bdf9635"
          },
          "sensitive_attributes": [],
          "private": "bnVsbA==",
          "dependencies": [
            "module.jenkins.aws_instance.jenkins_ec2_instance_ip",
            "module.lb_target_group.aws_lb_target_group.dev_proj_1_lb_target_group",
            "module.networking.aws_subnet.dev_proj_1_public_subnets",
            "module.networking.aws_vpc.dev_proj_1_vpc_us_east_1",
            "module.security_group.aws_security_group.ec2_jenkins_port_8080",
            "module.security_group.aws_security_group.ec2_sg_ssh_http"
          ]
        }
      ]
    },
    {
      "module": "module.networking",
      "mode": "managed",
      "type": "aws_internet_gateway",
      "name": "dev_proj_1_public_internet_gateway",
      "provider": "provider[\"registry.terraform.io/hashicorp/aws\"]",
      "instances": [
        {
          "schema_version": 0,
          "attributes": {
            "arn": "arn:aws:ec2:us-east-1:481665127750:internet-gateway/igw-0abf4d797794c817d",
            "id": "igw-0abf4d797794c817d",
            "owner_id": "481665127750",
            "tags": {
              "Name": "dev-proj-1-igw"
            },
            "tags_all": {
              "Name": "dev-proj-1-igw"
            },
            "timeouts": null,
            "vpc_id": "vpc-00c1011b088ce6949"
          },
          "sensitive_attributes": [],
          "private": "eyJlMmJmYjczMC1lY2FhLTExZTYtOGY4OC0zNDM2M2JjN2M0YzAiOnsiY3JlYXRlIjoxMjAwMDAwMDAwMDAwLCJkZWxldGUiOjEyMDAwMDAwMDAwMDAsInVwZGF0ZSI6MTIwMDAwMDAwMDAwMH19",
          "dependencies": [
            "module.networking.aws_vpc.dev_proj_1_vpc_us_east_1"
          ]
        }
      ]
    },
    {
      "module": "module.networking",
      "mode": "managed",
      "type": "aws_route_table",
      "name": "dev_proj_1_private_subnets",
      "provider": "provider[\"registry.terraform.io/hashicorp/aws\"]",
      "instances": [
        {
          "schema_version": 0,
          "attributes": {
            "arn": "arn:aws:ec2:us-east-1:481665127750:route-table/rtb-004ea71a75b79890c",
            "id": "rtb-004ea71a75b79890c",
            "owner_id": "481665127750",
            "propagating_vgws": [],
            "route": [],
            "tags": {
              "Name": "dev-proj-1-private-rt"
            },
            "tags_all": {
              "Name": "dev-proj-1-private-rt"
            },
            "timeouts": null,
            "vpc_id": "vpc-00c1011b088ce6949"
          },
          "sensitive_attributes": [],
          "private": "eyJlMmJmYjczMC1lY2FhLTExZTYtOGY4OC0zNDM2M2JjN2M0YzAiOnsiY3JlYXRlIjozMDAwMDAwMDAwMDAsImRlbGV0ZSI6MzAwMDAwMDAwMDAwLCJ1cGRhdGUiOjEyMDAwMDAwMDAwMH19",
          "dependencies": [
            "module.networking.aws_vpc.dev_proj_1_vpc_us_east_1"
          ]
        }
      ]
    },
    {
      "module": "module.networking",
      "mode": "managed",
      "type": "aws_route_table",
      "name": "dev_proj_1_public_route_table",
      "provider": "provider[\"registry.terraform.io/hashicorp/aws\"]",
      "instances": [
        {
          "schema_version": 0,
          "attributes": {
            "arn": "arn:aws:ec2:us-east-1:481665127750:route-table/rtb-0df601a91a5455868",
            "id": "rtb-0df601a91a5455868",
            "owner_id": "481665127750",
            "propagating_vgws": [],
            "route": [
              {
                "carrier_gateway_id": "",
                "cidr_block": "0.0.0.0/0",
                "core_network_arn": "",
                "destination_prefix_list_id": "",
                "egress_only_gateway_id": "",
                "gateway_id": "igw-0abf4d797794c817d",
                "ipv6_cidr_block": "",
                "local_gateway_id": "",
                "nat_gateway_id": "",
                "network_interface_id": "",
                "transit_gateway_id": "",
                "vpc_endpoint_id": "",
                "vpc_peering_connection_id": ""
              }
            ],
            "tags": {
              "Name": "dev-proj-1-public-rt"
            },
            "tags_all": {
              "Name": "dev-proj-1-public-rt"
            },
            "timeouts": null,
            "vpc_id": "vpc-00c1011b088ce6949"
          },
          "sensitive_attributes": [],
          "private": "eyJlMmJmYjczMC1lY2FhLTExZTYtOGY4OC0zNDM2M2JjN2M0YzAiOnsiY3JlYXRlIjozMDAwMDAwMDAwMDAsImRlbGV0ZSI6MzAwMDAwMDAwMDAwLCJ1cGRhdGUiOjEyMDAwMDAwMDAwMH19",
          "dependencies": [
            "module.networking.aws_internet_gateway.dev_proj_1_public_internet_gateway",
            "module.networking.aws_vpc.dev_proj_1_vpc_us_east_1"
          ]
        }
      ]
    },
    {
      "module": "module.networking",
      "mode": "managed",
      "type": "aws_route_table_association",
      "name": "dev_proj_1_private_rt_subnet_association",
      "provider": "provider[\"registry.terraform.io/hashicorp/aws\"]",
      "instances": [
        {
          "index_key": 0,
          "schema_version": 0,
          "attributes": {
            "gateway_id": "",
            "id": "rtbassoc-0b30c180b9c474379",
            "route_table_id": "rtb-004ea71a75b79890c",
            "subnet_id": "subnet-0fa63e18ee55ab2b9",
            "timeouts": null
          },
          "sensitive_attributes": [],
          "private": "eyJlMmJmYjczMC1lY2FhLTExZTYtOGY4OC0zNDM2M2JjN2M0YzAiOnsiY3JlYXRlIjozMDAwMDAwMDAwMDAsImRlbGV0ZSI6MzAwMDAwMDAwMDAwLCJ1cGRhdGUiOjEyMDAwMDAwMDAwMH19",
          "dependencies": [
            "module.networking.aws_route_table.dev_proj_1_private_subnets",
            "module.networking.aws_subnet.dev_proj_1_private_subnets",
            "module.networking.aws_vpc.dev_proj_1_vpc_us_east_1"
          ]
        },
        {
          "index_key": 1,
          "schema_version": 0,
          "attributes": {
            "gateway_id": "",
            "id": "rtbassoc-04b130e97e1f124f4",
            "route_table_id": "rtb-004ea71a75b79890c",
            "subnet_id": "subnet-01eb1c37c8dc903c5",
            "timeouts": null
          },
          "sensitive_attributes": [],
          "private": "eyJlMmJmYjczMC1lY2FhLTExZTYtOGY4OC0zNDM2M2JjN2M0YzAiOnsiY3JlYXRlIjozMDAwMDAwMDAwMDAsImRlbGV0ZSI6MzAwMDAwMDAwMDAwLCJ1cGRhdGUiOjEyMDAwMDAwMDAwMH19",
          "dependencies": [
            "module.networking.aws_route_table.dev_proj_1_private_subnets",
            "module.networking.aws_subnet.dev_proj_1_private_subnets",
            "module.networking.aws_vpc.dev_proj_1_vpc_us_east_1"
          ]
        }
      ]
    },
    {
      "module": "module.networking",
      "mode": "managed",
      "type": "aws_route_table_association",
      "name": "dev_proj_1_public_rt_subnet_association",
      "provider": "provider[\"registry.terraform.io/hashicorp/aws\"]",
      "instances": [
        {
          "index_key": 0,
          "schema_version": 0,
          "attributes": {
            "gateway_id": "",
            "id": "rtbassoc-0ee03571295914c09",
            "route_table_id": "rtb-0df601a91a5455868",
            "subnet_id": "subnet-042668334491b01c2",
            "timeouts": null
          },
          "sensitive_attributes": [],
          "private": "eyJlMmJmYjczMC1lY2FhLTExZTYtOGY4OC0zNDM2M2JjN2M0YzAiOnsiY3JlYXRlIjozMDAwMDAwMDAwMDAsImRlbGV0ZSI6MzAwMDAwMDAwMDAwLCJ1cGRhdGUiOjEyMDAwMDAwMDAwMH19",
          "dependencies": [
            "module.networking.aws_internet_gateway.dev_proj_1_public_internet_gateway",
            "module.networking.aws_route_table.dev_proj_1_public_route_table",
            "module.networking.aws_subnet.dev_proj_1_public_subnets",
            "module.networking.aws_vpc.dev_proj_1_vpc_us_east_1"
          ]
        },
        {
          "index_key": 1,
          "schema_version": 0,
          "attributes": {
            "gateway_id": "",
            "id": "rtbassoc-09d2c9cf1449819f6",
            "route_table_id": "rtb-0df601a91a5455868",
            "subnet_id": "subnet-0f8a5c807eb27e2fa",
            "timeouts": null
          },
          "sensitive_attributes": [],
          "private": "eyJlMmJmYjczMC1lY2FhLTExZTYtOGY4OC0zNDM2M2JjN2M0YzAiOnsiY3JlYXRlIjozMDAwMDAwMDAwMDAsImRlbGV0ZSI6MzAwMDAwMDAwMDAwLCJ1cGRhdGUiOjEyMDAwMDAwMDAwMH19",
          "dependencies": [
            "module.networking.aws_internet_gateway.dev_proj_1_public_internet_gateway",
            "module.networking.aws_route_table.dev_proj_1_public_route_table",
            "module.networking.aws_subnet.dev_proj_1_public_subnets",
            "module.networking.aws_vpc.dev_proj_1_vpc_us_east_1"
          ]
        }
      ]
    },
    {
      "module": "module.networking",
      "mode": "managed",
      "type": "aws_subnet",
      "name": "dev_proj_1_private_subnets",
      "provider": "provider[\"registry.terraform.io/hashicorp/aws\"]",
      "instances": [
        {
          "index_key": 0,
          "schema_version": 1,
          "attributes": {
            "arn": "arn:aws:ec2:us-east-1:481665127750:subnet/subnet-0fa63e18ee55ab2b9",
            "assign_ipv6_address_on_creation": false,
            "availability_zone": "us-east-1a",
            "availability_zone_id": "use1-az1",
            "cidr_block": "11.0.3.0/24",
            "customer_owned_ipv4_pool": "",
            "enable_dns64": false,
            "enable_lni_at_device_index": 0,
            "enable_resource_name_dns_a_record_on_launch": false,
            "enable_resource_name_dns_aaaa_record_on_launch": false,
            "id": "subnet-0fa63e18ee55ab2b9",
            "ipv6_cidr_block": "",
            "ipv6_cidr_block_association_id": "",
            "ipv6_native": false,
            "map_customer_owned_ip_on_launch": false,
            "map_public_ip_on_launch": false,
            "outpost_arn": "",
            "owner_id": "481665127750",
            "private_dns_hostname_type_on_launch": "ip-name",
            "tags": {
              "Name": "dev-proj-private-subnet-1"
            },
            "tags_all": {
              "Name": "dev-proj-private-subnet-1"
            },
            "timeouts": null,
            "vpc_id": "vpc-00c1011b088ce6949"
          },
          "sensitive_attributes": [],
          "private": "eyJlMmJmYjczMC1lY2FhLTExZTYtOGY4OC0zNDM2M2JjN2M0YzAiOnsiY3JlYXRlIjo2MDAwMDAwMDAwMDAsImRlbGV0ZSI6MTIwMDAwMDAwMDAwMH0sInNjaGVtYV92ZXJzaW9uIjoiMSJ9",
          "dependencies": [
            "module.networking.aws_vpc.dev_proj_1_vpc_us_east_1"
          ]
        },
        {
          "index_key": 1,
          "schema_version": 1,
          "attributes": {
            "arn": "arn:aws:ec2:us-east-1:481665127750:subnet/subnet-01eb1c37c8dc903c5",
            "assign_ipv6_address_on_creation": false,
            "availability_zone": "us-east-1b",
            "availability_zone_id": "use1-az2",
            "cidr_block": "11.0.4.0/24",
            "customer_owned_ipv4_pool": "",
            "enable_dns64": false,
            "enable_lni_at_device_index": 0,
            "enable_resource_name_dns_a_record_on_launch": false,
            "enable_resource_name_dns_aaaa_record_on_launch": false,
            "id": "subnet-01eb1c37c8dc903c5",
            "ipv6_cidr_block": "",
            "ipv6_cidr_block_association_id": "",
            "ipv6_native": false,
            "map_customer_owned_ip_on_launch": false,
            "map_public_ip_on_launch": false,
            "outpost_arn": "",
            "owner_id": "481665127750",
            "private_dns_hostname_type_on_launch": "ip-name",
            "tags": {
              "Name": "dev-proj-private-subnet-2"
            },
            "tags_all": {
              "Name": "dev-proj-private-subnet-2"
            },
            "timeouts": null,
            "vpc_id": "vpc-00c1011b088ce6949"
          },
          "sensitive_attributes": [],
          "private": "eyJlMmJmYjczMC1lY2FhLTExZTYtOGY4OC0zNDM2M2JjN2M0YzAiOnsiY3JlYXRlIjo2MDAwMDAwMDAwMDAsImRlbGV0ZSI6MTIwMDAwMDAwMDAwMH0sInNjaGVtYV92ZXJzaW9uIjoiMSJ9",
          "dependencies": [
            "module.networking.aws_vpc.dev_proj_1_vpc_us_east_1"
          ]
        }
      ]
    },
    {
      "module": "module.networking",
      "mode": "managed",
      "type": "aws_subnet",
      "name": "dev_proj_1_public_subnets",
      "provider": "provider[\"registry.terraform.io/hashicorp/aws\"]",
      "instances": [
        {
          "index_key": 0,
          "schema_version": 1,
          "attributes": {
            "arn": "arn:aws:ec2:us-east-1:481665127750:subnet/subnet-042668334491b01c2",
            "assign_ipv6_address_on_creation": false,
            "availability_zone": "us-east-1a",
            "availability_zone_id": "use1-az1",
            "cidr_block": "11.0.1.0/24",
            "customer_owned_ipv4_pool": "",
            "enable_dns64": false,
            "enable_lni_at_device_index": 0,
            "enable_resource_name_dns_a_record_on_launch": false,
            "enable_resource_name_dns_aaaa_record_on_launch": false,
            "id": "subnet-042668334491b01c2",
            "ipv6_cidr_block": "",
            "ipv6_cidr_block_association_id": "",
            "ipv6_native": false,
            "map_customer_owned_ip_on_launch": false,
            "map_public_ip_on_launch": false,
            "outpost_arn": "",
            "owner_id": "481665127750",
            "private_dns_hostname_type_on_launch": "ip-name",
            "tags": {
              "Name": "dev-proj-public-subnet-1"
            },
            "tags_all": {
              "Name": "dev-proj-public-subnet-1"
            },
            "timeouts": null,
            "vpc_id": "vpc-00c1011b088ce6949"
          },
          "sensitive_attributes": [],
          "private": "eyJlMmJmYjczMC1lY2FhLTExZTYtOGY4OC0zNDM2M2JjN2M0YzAiOnsiY3JlYXRlIjo2MDAwMDAwMDAwMDAsImRlbGV0ZSI6MTIwMDAwMDAwMDAwMH0sInNjaGVtYV92ZXJzaW9uIjoiMSJ9",
          "dependencies": [
            "module.networking.aws_vpc.dev_proj_1_vpc_us_east_1"
          ]
        },
        {
          "index_key": 1,
          "schema_version": 1,
          "attributes": {
            "arn": "arn:aws:ec2:us-east-1:481665127750:subnet/subnet-0f8a5c807eb27e2fa",
            "assign_ipv6_address_on_creation": false,
            "availability_zone": "us-east-1b",
            "availability_zone_id": "use1-az2",
            "cidr_block": "11.0.2.0/24",
            "customer_owned_ipv4_pool": "",
            "enable_dns64": false,
            "enable_lni_at_device_index": 0,
            "enable_resource_name_dns_a_record_on_launch": false,
            "enable_resource_name_dns_aaaa_record_on_launch": false,
            "id": "subnet-0f8a5c807eb27e2fa",
            "ipv6_cidr_block": "",
            "ipv6_cidr_block_association_id": "",
            "ipv6_native": false,
            "map_customer_owned_ip_on_launch": false,
            "map_public_ip_on_launch": false,
            "outpost_arn": "",
            "owner_id": "481665127750",
            "private_dns_hostname_type_on_launch": "ip-name",
            "tags": {
              "Name": "dev-proj-public-subnet-2"
            },
            "tags_all": {
              "Name": "dev-proj-public-subnet-2"
            },
            "timeouts": null,
            "vpc_id": "vpc-00c1011b088ce6949"
          },
          "sensitive_attributes": [],
          "private": "eyJlMmJmYjczMC1lY2FhLTExZTYtOGY4OC0zNDM2M2JjN2M0YzAiOnsiY3JlYXRlIjo2MDAwMDAwMDAwMDAsImRlbGV0ZSI6MTIwMDAwMDAwMDAwMH0sInNjaGVtYV92ZXJzaW9uIjoiMSJ9",
          "dependencies": [
            "module.networking.aws_vpc.dev_proj_1_vpc_us_east_1"
          ]
        }
      ]
    },
    {
      "module": "module.networking",
      "mode": "managed",
      "type": "aws_vpc",
      "name": "dev_proj_1_vpc_us_east_1",
      "provider": "provider[\"registry.terraform.io/hashicorp/aws\"]",
      "instances": [
        {
          "schema_version": 1,
          "attributes": {
            "arn": "arn:aws:ec2:us-east-1:481665127750:vpc/vpc-00c1011b088ce6949",
            "assign_generated_ipv6_cidr_block": false,
            "cidr_block": "11.0.0.0/16",
            "default_network_acl_id": "acl-03afad32602ace506",
            "default_route_table_id": "rtb-09efbe62e8ad5065a",
            "default_security_group_id": "sg-0e3949f4fd77f9202",
            "dhcp_options_id": "dopt-0cb273277b49f5b3f",
            "enable_dns_hostnames": false,
            "enable_dns_support": true,
            "enable_network_address_usage_metrics": false,
            "id": "vpc-00c1011b088ce6949",
            "instance_tenancy": "default",
            "ipv4_ipam_pool_id": null,
            "ipv4_netmask_length": null,
            "ipv6_association_id": "",
            "ipv6_cidr_block": "",
            "ipv6_cidr_block_network_border_group": "",
            "ipv6_ipam_pool_id": "",
            "ipv6_netmask_length": 0,
            "main_route_table_id": "rtb-09efbe62e8ad5065a",
            "owner_id": "481665127750",
            "tags": {
              "Name": "dev-proj-us-east-vpc-1"
            },
            "tags_all": {
              "Name": "dev-proj-us-east-vpc-1"
            }
          },
          "sensitive_attributes": [],
          "private": "eyJzY2hlbWFfdmVyc2lvbiI6IjEifQ=="
        }
      ]
    },
    {
      "module": "module.security_group",
      "mode": "managed",
      "type": "aws_security_group",
      "name": "ec2_jenkins_port_8080",
      "provider": "provider[\"registry.terraform.io/hashicorp/aws\"]",
      "instances": [
        {
          "schema_version": 1,
          "attributes": {
            "arn": "arn:aws:ec2:us-east-1:481665127750:security-group/sg-0047011077a8f411f",
            "description": "Enable the Port 8080 for jenkins",
            "egress": [],
            "id": "sg-0047011077a8f411f",
            "ingress": [
              {
                "cidr_blocks": [
                  "0.0.0.0/0"
                ],
                "description": "Allow 8080 port to access jenkins",
                "from_port": 8080,
                "ipv6_cidr_blocks": [],
                "prefix_list_ids": [],
                "protocol": "tcp",
                "security_groups": [],
                "self": false,
                "to_port": 8080
              }
            ],
            "name": "Allow port 8080 for jenkins",
            "name_prefix": "",
            "owner_id": "481665127750",
            "revoke_rules_on_delete": false,
            "tags": {
              "Name": "Security Groups to allow SSH(22) and HTTP(8080)"
            },
            "tags_all": {
              "Name": "Security Groups to allow SSH(22) and HTTP(8080)"
            },
            "timeouts": null,
            "vpc_id": "vpc-00c1011b088ce6949"
          },
          "sensitive_attributes": [],
          "private": "eyJlMmJmYjczMC1lY2FhLTExZTYtOGY4OC0zNDM2M2JjN2M0YzAiOnsiY3JlYXRlIjo2MDAwMDAwMDAwMDAsImRlbGV0ZSI6OTAwMDAwMDAwMDAwfSwic2NoZW1hX3ZlcnNpb24iOiIxIn0=",
          "dependencies": [
            "module.networking.aws_vpc.dev_proj_1_vpc_us_east_1"
          ]
        }
      ]
    },
    {
      "module": "module.security_group",
      "mode": "managed",
      "type": "aws_security_group",
      "name": "ec2_sg_ssh_http",
      "provider": "provider[\"registry.terraform.io/hashicorp/aws\"]",
      "instances": [
        {
          "schema_version": 1,
          "attributes": {
            "arn": "arn:aws:ec2:us-east-1:481665127750:security-group/sg-09805f7d0ff605b78",
            "description": "Enable the Port 22(SSH) \u0026 Port 80(http)",
            "egress": [
              {
                "cidr_blocks": [
                  "0.0.0.0/0"
                ],
                "description": "Allow outgoing request",
                "from_port": 0,
                "ipv6_cidr_blocks": [],
                "prefix_list_ids": [],
                "protocol": "-1",
                "security_groups": [],
                "self": false,
                "to_port": 0
              }
            ],
            "id": "sg-09805f7d0ff605b78",
            "ingress": [
              {
                "cidr_blocks": [
                  "0.0.0.0/0"
                ],
                "description": "Allow HTTP request from anywhere",
                "from_port": 443,
                "ipv6_cidr_blocks": [],
                "prefix_list_ids": [],
                "protocol": "tcp",
                "security_groups": [],
                "self": false,
                "to_port": 443
              },
              {
                "cidr_blocks": [
                  "0.0.0.0/0"
                ],
                "description": "Allow HTTP request from anywhere",
                "from_port": 80,
                "ipv6_cidr_blocks": [],
                "prefix_list_ids": [],
                "protocol": "tcp",
                "security_groups": [],
                "self": false,
                "to_port": 80
              },
              {
                "cidr_blocks": [
                  "0.0.0.0/0"
                ],
                "description": "Allow remote SSH from anywhere",
                "from_port": 22,
                "ipv6_cidr_blocks": [],
                "prefix_list_ids": [],
                "protocol": "tcp",
                "security_groups": [],
                "self": false,
                "to_port": 22
              }
            ],
            "name": "SG for EC2 to enable SSH(22), HTTPS(443) and HTTP(80)",
            "name_prefix": "",
            "owner_id": "481665127750",
            "revoke_rules_on_delete": false,
            "tags": {
              "Name": "Security Groups to allow SSH(22) and HTTP(80)"
            },
            "tags_all": {
              "Name": "Security Groups to allow SSH(22) and HTTP(80)"
            },
            "timeouts": null,
            "vpc_id": "vpc-00c1011b088ce6949"
          },
          "sensitive_attributes": [],
          "private": "eyJlMmJmYjczMC1lY2FhLTExZTYtOGY4OC0zNDM2M2JjN2M0YzAiOnsiY3JlYXRlIjo2MDAwMDAwMDAwMDAsImRlbGV0ZSI6OTAwMDAwMDAwMDAwfSwic2NoZW1hX3ZlcnNpb24iOiIxIn0=",
          "dependencies": [
            "module.networking.aws_vpc.dev_proj_1_vpc_us_east_1"
          ]
        }
      ]
    }
  ],
  "check_results": null
}
